// !$*UTF8*$!
{
	archiveVersion = 1;
	classes = {
	};
	objectVersion = 55;
	objects = {

/* Begin PBXBuildFile section */
		040BBA1D2848F32C004658AB /* ConfirmSeatsModel.swift in Sources */ = {isa = PBXBuildFile; fileRef = 040BBA1C2848F32C004658AB /* ConfirmSeatsModel.swift */; };
		0422AFD028262557004B9871 /* PromoViewModel.swift in Sources */ = {isa = PBXBuildFile; fileRef = 0422AFCF28262557004B9871 /* PromoViewModel.swift */; };
		0433B6AD281C06E4004558B6 /* OrderHistoryConcessionZoneModel.swift in Sources */ = {isa = PBXBuildFile; fileRef = 0433B6AC281C06E4004558B6 /* OrderHistoryConcessionZoneModel.swift */; };
		0433B6AF281C087F004558B6 /* OrderHistoryTicketModel.swift in Sources */ = {isa = PBXBuildFile; fileRef = 0433B6AE281C087F004558B6 /* OrderHistoryTicketModel.swift */; };
		0433B6B1281C096E004558B6 /* OrderSpiceKitchenModel.swift in Sources */ = {isa = PBXBuildFile; fileRef = 0433B6B0281C096E004558B6 /* OrderSpiceKitchenModel.swift */; };
		0433B6B4281C0A08004558B6 /* OrderHistoryViewModel.swift in Sources */ = {isa = PBXBuildFile; fileRef = 0433B6B3281C0A08004558B6 /* OrderHistoryViewModel.swift */; };
		0433B6B7281C11D1004558B6 /* OrderHisroryViewCell.swift in Sources */ = {isa = PBXBuildFile; fileRef = 0433B6B6281C11D1004558B6 /* OrderHisroryViewCell.swift */; };
		0433B6BA281C11F0004558B6 /* OrderHistoryView.swift in Sources */ = {isa = PBXBuildFile; fileRef = 0433B6B9281C11F0004558B6 /* OrderHistoryView.swift */; };
		043B5C5F282379D2009166DF /* PromoCodeModel.swift in Sources */ = {isa = PBXBuildFile; fileRef = 043B5C5E282379D2009166DF /* PromoCodeModel.swift */; };
		043D6252281AADC80053F2BE /* DatePickerWithButton.swift in Sources */ = {isa = PBXBuildFile; fileRef = 043D6251281AADC80053F2BE /* DatePickerWithButton.swift */; };
		04571144284DDA1000249E48 /* WebView.swift in Sources */ = {isa = PBXBuildFile; fileRef = 04571143284DDA1000249E48 /* WebView.swift */; };
		04571146284DDDDB00249E48 /* TermsAndConditionWebView.swift in Sources */ = {isa = PBXBuildFile; fileRef = 04571145284DDDDB00249E48 /* TermsAndConditionWebView.swift */; };
		045CEB372837363D00A871E6 /* PaymentView.swift in Sources */ = {isa = PBXBuildFile; fileRef = 045CEB362837363D00A871E6 /* PaymentView.swift */; };
		0460A1B7282A3F7F00EA4A88 /* ForgetPasswordPopupView.swift in Sources */ = {isa = PBXBuildFile; fileRef = 0460A1B6282A3F7F00EA4A88 /* ForgetPasswordPopupView.swift */; };
		0460A1B9282A4CA700EA4A88 /* ForgetPasswordViewModel.swift in Sources */ = {isa = PBXBuildFile; fileRef = 0460A1B8282A4CA700EA4A88 /* ForgetPasswordViewModel.swift */; };
		0460A1BB282A545A00EA4A88 /* ForgetPasswordModel.swift in Sources */ = {isa = PBXBuildFile; fileRef = 0460A1BA282A545A00EA4A88 /* ForgetPasswordModel.swift */; };
		047E94E828205B6D0051C289 /* CartDataModel.swift in Sources */ = {isa = PBXBuildFile; fileRef = 047E94E728205B6D0051C289 /* CartDataModel.swift */; };
		047E950528221C710051C289 /* TicketReciptView.swift in Sources */ = {isa = PBXBuildFile; fileRef = 047E950428221C710051C289 /* TicketReciptView.swift */; };
		0498F5DF2813EF76007B2B24 /* Algorithms in Frameworks */ = {isa = PBXBuildFile; productRef = 0498F5DE2813EF76007B2B24 /* Algorithms */; };
		04C2B43E28509477008C6CF0 /* RootPresentationMode.swift in Sources */ = {isa = PBXBuildFile; fileRef = 04C2B43D28509477008C6CF0 /* RootPresentationMode.swift */; };
		04DDB6ED282814D200E3DD28 /* CustomToastView.swift in Sources */ = {isa = PBXBuildFile; fileRef = 04DDB6EC282814D200E3DD28 /* CustomToastView.swift */; };
		04FE7AE82814F4D5004B9EC4 /* FoodBannerImageMOdel.swift in Sources */ = {isa = PBXBuildFile; fileRef = 04FE7AE72814F4D5004B9EC4 /* FoodBannerImageMOdel.swift */; };
		04FE7AEB2815D029004B9EC4 /* CartModel.swift in Sources */ = {isa = PBXBuildFile; fileRef = 04FE7AEA2815D029004B9EC4 /* CartModel.swift */; };
		04FE7AEE2815D181004B9EC4 /* CartAddFunctionalityViewModel.swift in Sources */ = {isa = PBXBuildFile; fileRef = 04FE7AED2815D181004B9EC4 /* CartAddFunctionalityViewModel.swift */; };
		04FE7AF128160008004B9EC4 /* CartDataStorage.xcdatamodeld in Sources */ = {isa = PBXBuildFile; fileRef = 04FE7AEF28160008004B9EC4 /* CartDataStorage.xcdatamodeld */; };
		04FE7AF32816009D004B9EC4 /* CoreDataViewModel.swift in Sources */ = {isa = PBXBuildFile; fileRef = 04FE7AF22816009D004B9EC4 /* CoreDataViewModel.swift */; };
		0C13DB3E282A224E006C4D13 /* MovieServices.swift in Sources */ = {isa = PBXBuildFile; fileRef = 0C13DB3D282A224E006C4D13 /* MovieServices.swift */; };
		0C13DB40282A2857006C4D13 /* ShowsResponse.swift in Sources */ = {isa = PBXBuildFile; fileRef = 0C13DB3F282A2857006C4D13 /* ShowsResponse.swift */; };
		0C13DB44282A8751006C4D13 /* BookSeatView.swift in Sources */ = {isa = PBXBuildFile; fileRef = 0C13DB43282A8751006C4D13 /* BookSeatView.swift */; };
		0C13DB46282AC771006C4D13 /* SeatLayoutResponse.swift in Sources */ = {isa = PBXBuildFile; fileRef = 0C13DB45282AC771006C4D13 /* SeatLayoutResponse.swift */; };
		0C13DB48282AE833006C4D13 /* BookSeatModel.swift in Sources */ = {isa = PBXBuildFile; fileRef = 0C13DB47282AE833006C4D13 /* BookSeatModel.swift */; };
		0C2C8C8027EF059200418F99 /* Launch Screen.storyboard in Resources */ = {isa = PBXBuildFile; fileRef = 0C2C8C7F27EF059200418F99 /* Launch Screen.storyboard */; };
		0C2C8C8327F238CD00418F99 /* SpiceKitchenView.swift in Sources */ = {isa = PBXBuildFile; fileRef = 0C2C8C8227F238CD00418F99 /* SpiceKitchenView.swift */; };
		0C2C8C8527F249B600418F99 /* DishViewCell.swift in Sources */ = {isa = PBXBuildFile; fileRef = 0C2C8C8427F249B600418F99 /* DishViewCell.swift */; };
		0C2F2F712823E4E80046FA97 /* ChangePasswordView.swift in Sources */ = {isa = PBXBuildFile; fileRef = 0C2F2F702823E4E80046FA97 /* ChangePasswordView.swift */; };
		0C54CF3D28357203000F07BF /* CheckoutView.swift in Sources */ = {isa = PBXBuildFile; fileRef = 0C54CF3C28357203000F07BF /* CheckoutView.swift */; };
		0C54CF3F2835F72B000F07BF /* CheckoutModel.swift in Sources */ = {isa = PBXBuildFile; fileRef = 0C54CF3E2835F72B000F07BF /* CheckoutModel.swift */; };
		0C836F8427FD6D250094EC0D /* LoginRequestModel.swift in Sources */ = {isa = PBXBuildFile; fileRef = 0C836F8327FD6D250094EC0D /* LoginRequestModel.swift */; };
		0C836F8627FD6E560094EC0D /* ApiFactory.swift in Sources */ = {isa = PBXBuildFile; fileRef = 0C836F8527FD6E560094EC0D /* ApiFactory.swift */; };
		0C836F8B27FE1C570094EC0D /* FoodListModel.swift in Sources */ = {isa = PBXBuildFile; fileRef = 0C836F8A27FE1C570094EC0D /* FoodListModel.swift */; };
		0C836F8D27FE1E0A0094EC0D /* FoodListViewModel.swift in Sources */ = {isa = PBXBuildFile; fileRef = 0C836F8C27FE1E0A0094EC0D /* FoodListViewModel.swift */; };
		0C836F8F27FE2B4B0094EC0D /* SpiceKitchenModel.swift in Sources */ = {isa = PBXBuildFile; fileRef = 0C836F8E27FE2B4B0094EC0D /* SpiceKitchenModel.swift */; };
		0C8D7BAB282D78D8009FE973 /* SetSeatRequestModel.swift in Sources */ = {isa = PBXBuildFile; fileRef = 0C8D7BAA282D78D8009FE973 /* SetSeatRequestModel.swift */; };
		0C8D7BAD282E3584009FE973 /* BookedSeatResponse.swift in Sources */ = {isa = PBXBuildFile; fileRef = 0C8D7BAC282E3584009FE973 /* BookedSeatResponse.swift */; };
		0C90718228291B3000835DD7 /* BookTicketView.swift in Sources */ = {isa = PBXBuildFile; fileRef = 0C90718128291B3000835DD7 /* BookTicketView.swift */; };
		0C907184282929FA00835DD7 /* ActiveTheatreResponse.swift in Sources */ = {isa = PBXBuildFile; fileRef = 0C907183282929FA00835DD7 /* ActiveTheatreResponse.swift */; };
		0C90718628292CFC00835DD7 /* TheatreCardView.swift in Sources */ = {isa = PBXBuildFile; fileRef = 0C90718528292CFC00835DD7 /* TheatreCardView.swift */; };
		0C9CBE5727BED41B00DC7386 /* LoginView.swift in Sources */ = {isa = PBXBuildFile; fileRef = 0C9CBE5627BED41B00DC7386 /* LoginView.swift */; };
		0C9CBE5927BED42900DC7386 /* LoginViewModel.swift in Sources */ = {isa = PBXBuildFile; fileRef = 0C9CBE5827BED42900DC7386 /* LoginViewModel.swift */; };
		0C9CBE5B27BED43200DC7386 /* LoginModel.swift in Sources */ = {isa = PBXBuildFile; fileRef = 0C9CBE5A27BED43200DC7386 /* LoginModel.swift */; };
		0CA478F62801A3FD000B5C57 /* AllFilmsResponse.swift in Sources */ = {isa = PBXBuildFile; fileRef = 0CA478F52801A3FD000B5C57 /* AllFilmsResponse.swift */; };
		0CA478F82801C41A000B5C57 /* SpiceKitchenResponse.swift in Sources */ = {isa = PBXBuildFile; fileRef = 0CA478F72801C41A000B5C57 /* SpiceKitchenResponse.swift */; };
		0CA478FA2801E4B2000B5C57 /* ConcessionZoneCardView.swift in Sources */ = {isa = PBXBuildFile; fileRef = 0CA478F92801E4B2000B5C57 /* ConcessionZoneCardView.swift */; };
		0CA478FC2801E68B000B5C57 /* ConcessionZoneResponse.swift in Sources */ = {isa = PBXBuildFile; fileRef = 0CA478FB2801E68B000B5C57 /* ConcessionZoneResponse.swift */; };
		0CABDABB28361604000D9660 /* RadioButton.swift in Sources */ = {isa = PBXBuildFile; fileRef = 0CABDABA28361604000D9660 /* RadioButton.swift */; };
		0CABDABD2836197F000D9660 /* CustomDivider.swift in Sources */ = {isa = PBXBuildFile; fileRef = 0CABDABC2836197F000D9660 /* CustomDivider.swift */; };
		0CE7B2BF27B7E7880021DF8D /* KFECinemasApp.swift in Sources */ = {isa = PBXBuildFile; fileRef = 0CE7B2BE27B7E7880021DF8D /* KFECinemasApp.swift */; };
		0CE7B2C127B7E7880021DF8D /* ContentView.swift in Sources */ = {isa = PBXBuildFile; fileRef = 0CE7B2C027B7E7880021DF8D /* ContentView.swift */; };
		0CE7B2C327B7E78C0021DF8D /* Assets.xcassets in Resources */ = {isa = PBXBuildFile; fileRef = 0CE7B2C227B7E78C0021DF8D /* Assets.xcassets */; };
		0CE7B2C627B7E78C0021DF8D /* Preview Assets.xcassets in Resources */ = {isa = PBXBuildFile; fileRef = 0CE7B2C527B7E78C0021DF8D /* Preview Assets.xcassets */; };
		0CF1C93027F641DF00D87F5C /* CartPageView.swift in Sources */ = {isa = PBXBuildFile; fileRef = 0CF1C92F27F641DF00D87F5C /* CartPageView.swift */; };
		0CF1C93227F6467B00D87F5C /* CartAddItemCell.swift in Sources */ = {isa = PBXBuildFile; fileRef = 0CF1C93127F6467B00D87F5C /* CartAddItemCell.swift */; };
		0CF1C93427F796E600D87F5C /* CartItemContentView.swift in Sources */ = {isa = PBXBuildFile; fileRef = 0CF1C93327F796E600D87F5C /* CartItemContentView.swift */; };
		0CF1C93627F9674400D87F5C /* OffersApplyView.swift in Sources */ = {isa = PBXBuildFile; fileRef = 0CF1C93527F9674400D87F5C /* OffersApplyView.swift */; };
		0CF1C93827F9681600D87F5C /* OfferCell.swift in Sources */ = {isa = PBXBuildFile; fileRef = 0CF1C93727F9681600D87F5C /* OfferCell.swift */; };
		0CF1C94827F9EF5B00D87F5C /* NetworkManager.swift in Sources */ = {isa = PBXBuildFile; fileRef = 0CF1C94727F9EF5B00D87F5C /* NetworkManager.swift */; };
		0CF1C94A27F9EF7500D87F5C /* RequestGenerator.swift in Sources */ = {isa = PBXBuildFile; fileRef = 0CF1C94927F9EF7500D87F5C /* RequestGenerator.swift */; };
		0CF1C94D27F9F99300D87F5C /* ApiList.swift in Sources */ = {isa = PBXBuildFile; fileRef = 0CF1C94C27F9F99300D87F5C /* ApiList.swift */; };
		0CF7D5032849348300B67010 /* Razorpay.xcframework in Frameworks */ = {isa = PBXBuildFile; fileRef = 0CF7D5022849348300B67010 /* Razorpay.xcframework */; };
		0CF7D5042849348300B67010 /* Razorpay.xcframework in Embed Frameworks */ = {isa = PBXBuildFile; fileRef = 0CF7D5022849348300B67010 /* Razorpay.xcframework */; settings = {ATTRIBUTES = (CodeSignOnCopy, RemoveHeadersOnCopy, ); }; };
		D345A43827E3BC2D00D1D5AD /* GoogleSignIn in Frameworks */ = {isa = PBXBuildFile; productRef = D345A43727E3BC2D00D1D5AD /* GoogleSignIn */; };
		D345A43B27E3BC7600D1D5AD /* FacebookCore in Frameworks */ = {isa = PBXBuildFile; productRef = D345A43A27E3BC7600D1D5AD /* FacebookCore */; };
		D345A43D27E3BC7600D1D5AD /* FacebookLogin in Frameworks */ = {isa = PBXBuildFile; productRef = D345A43C27E3BC7600D1D5AD /* FacebookLogin */; };
		D345A43F27E4CBE200D1D5AD /* SignupView.swift in Sources */ = {isa = PBXBuildFile; fileRef = D345A43E27E4CBE200D1D5AD /* SignupView.swift */; };
		D345A44127E4E08100D1D5AD /* Constants.swift in Sources */ = {isa = PBXBuildFile; fileRef = D345A44027E4E08100D1D5AD /* Constants.swift */; };
		D345A45027E50C6700D1D5AD /* GenericResponse.swift in Sources */ = {isa = PBXBuildFile; fileRef = D345A44C27E50C6700D1D5AD /* GenericResponse.swift */; };
		D345A45127E50C6700D1D5AD /* NetworkError.swift in Sources */ = {isa = PBXBuildFile; fileRef = D345A44D27E50C6700D1D5AD /* NetworkError.swift */; };
		D345A45227E50C6700D1D5AD /* Endpoint.swift in Sources */ = {isa = PBXBuildFile; fileRef = D345A44E27E50C6700D1D5AD /* Endpoint.swift */; };
		D35B1D6727F727EB007D312C /* MoviesListView.swift in Sources */ = {isa = PBXBuildFile; fileRef = D35B1D6627F727EB007D312C /* MoviesListView.swift */; };
		D35B1D6927F960FA007D312C /* MovieDetailView.swift in Sources */ = {isa = PBXBuildFile; fileRef = D35B1D6827F960FA007D312C /* MovieDetailView.swift */; };
		D38A8E8927FCA71400B26340 /* StorageSettings.swift in Sources */ = {isa = PBXBuildFile; fileRef = D38A8E8827FCA71400B26340 /* StorageSettings.swift */; };
		D38A8E8B27FCB41200B26340 /* ImageLoader.swift in Sources */ = {isa = PBXBuildFile; fileRef = D38A8E8A27FCB41200B26340 /* ImageLoader.swift */; };
		D38A8E8E27FCBCEA00B26340 /* CustomImageView.swift in Sources */ = {isa = PBXBuildFile; fileRef = D38A8E8D27FCBCEA00B26340 /* CustomImageView.swift */; };
		D38A8E9027FE0F3D00B26340 /* DashboardServices.swift in Sources */ = {isa = PBXBuildFile; fileRef = D38A8E8F27FE0F3D00B26340 /* DashboardServices.swift */; };
		D38A8E9327FE14D000B26340 /* BannerImagesResponse.swift in Sources */ = {isa = PBXBuildFile; fileRef = D38A8E9227FE14D000B26340 /* BannerImagesResponse.swift */; };
		D3B1046D27F2444A00A55E89 /* MovieCardView.swift in Sources */ = {isa = PBXBuildFile; fileRef = D3B1046C27F2444A00A55E89 /* MovieCardView.swift */; };
		D3B6931527F62E1F006A1907 /* SpiceKitchenCardView.swift in Sources */ = {isa = PBXBuildFile; fileRef = D3B6931427F62E1F006A1907 /* SpiceKitchenCardView.swift */; };
		D3CC71A927E8F93F00C33787 /* ConfigurationManager.swift in Sources */ = {isa = PBXBuildFile; fileRef = D3CC71A727E8F93F00C33787 /* ConfigurationManager.swift */; };
		D3CC71AA27E8F93F00C33787 /* Configuration.swift in Sources */ = {isa = PBXBuildFile; fileRef = D3CC71A827E8F93F00C33787 /* Configuration.swift */; };
		D3CC71B527E8F9C900C33787 /* Constant.swift in Sources */ = {isa = PBXBuildFile; fileRef = D3CC71AC27E8F9C900C33787 /* Constant.swift */; };
		D3CC71B627E8F9C900C33787 /* GTViewController.swift in Sources */ = {isa = PBXBuildFile; fileRef = D3CC71AD27E8F9C900C33787 /* GTViewController.swift */; };
		D3CC71B827E8F9C900C33787 /* commonExtensions.swift in Sources */ = {isa = PBXBuildFile; fileRef = D3CC71AF27E8F9C900C33787 /* commonExtensions.swift */; };
		D3CC71B927E8F9C900C33787 /* ApiKeys.swift in Sources */ = {isa = PBXBuildFile; fileRef = D3CC71B027E8F9C900C33787 /* ApiKeys.swift */; };
		D3CC71BA27E8F9C900C33787 /* Common.swift in Sources */ = {isa = PBXBuildFile; fileRef = D3CC71B127E8F9C900C33787 /* Common.swift */; };
		D3CC71BB27E8F9C900C33787 /* FeatureManager.swift in Sources */ = {isa = PBXBuildFile; fileRef = D3CC71B227E8F9C900C33787 /* FeatureManager.swift */; };
		D3CC71BC27E8F9C900C33787 /* Util.swift in Sources */ = {isa = PBXBuildFile; fileRef = D3CC71B327E8F9C900C33787 /* Util.swift */; };
		D3CC71BD27E8F9C900C33787 /* GradientView.swift in Sources */ = {isa = PBXBuildFile; fileRef = D3CC71B427E8F9C900C33787 /* GradientView.swift */; };
		D3DC9C7027EE4B6900BEE17F /* SideMenu.swift in Sources */ = {isa = PBXBuildFile; fileRef = D3DC9C6F27EE4B6900BEE17F /* SideMenu.swift */; };
		D3DC9C9627F2340600BEE17F /* Dashboard.swift in Sources */ = {isa = PBXBuildFile; fileRef = D3DC9C9527F2340600BEE17F /* Dashboard.swift */; };
		D3FF143E27F6433000EE2E4F /* MovieView.swift in Sources */ = {isa = PBXBuildFile; fileRef = D3FF143D27F6433000EE2E4F /* MovieView.swift */; };
/* End PBXBuildFile section */

/* Begin PBXCopyFilesBuildPhase section */
		0CF7D5052849348300B67010 /* Embed Frameworks */ = {
			isa = PBXCopyFilesBuildPhase;
			buildActionMask = 2147483647;
			dstPath = "";
			dstSubfolderSpec = 10;
			files = (
				0CF7D5042849348300B67010 /* Razorpay.xcframework in Embed Frameworks */,
			);
			name = "Embed Frameworks";
			runOnlyForDeploymentPostprocessing = 0;
		};
/* End PBXCopyFilesBuildPhase section */

/* Begin PBXFileReference section */
		040BBA1C2848F32C004658AB /* ConfirmSeatsModel.swift */ = {isa = PBXFileReference; lastKnownFileType = sourcecode.swift; path = ConfirmSeatsModel.swift; sourceTree = "<group>"; };
		0422AFCF28262557004B9871 /* PromoViewModel.swift */ = {isa = PBXFileReference; lastKnownFileType = sourcecode.swift; path = PromoViewModel.swift; sourceTree = "<group>"; };
		0433B6AC281C06E4004558B6 /* OrderHistoryConcessionZoneModel.swift */ = {isa = PBXFileReference; lastKnownFileType = sourcecode.swift; path = OrderHistoryConcessionZoneModel.swift; sourceTree = "<group>"; };
		0433B6AE281C087F004558B6 /* OrderHistoryTicketModel.swift */ = {isa = PBXFileReference; lastKnownFileType = sourcecode.swift; path = OrderHistoryTicketModel.swift; sourceTree = "<group>"; };
		0433B6B0281C096E004558B6 /* OrderSpiceKitchenModel.swift */ = {isa = PBXFileReference; lastKnownFileType = sourcecode.swift; path = OrderSpiceKitchenModel.swift; sourceTree = "<group>"; };
		0433B6B3281C0A08004558B6 /* OrderHistoryViewModel.swift */ = {isa = PBXFileReference; lastKnownFileType = sourcecode.swift; path = OrderHistoryViewModel.swift; sourceTree = "<group>"; };
		0433B6B6281C11D1004558B6 /* OrderHisroryViewCell.swift */ = {isa = PBXFileReference; lastKnownFileType = sourcecode.swift; path = OrderHisroryViewCell.swift; sourceTree = "<group>"; };
		0433B6B9281C11F0004558B6 /* OrderHistoryView.swift */ = {isa = PBXFileReference; lastKnownFileType = sourcecode.swift; path = OrderHistoryView.swift; sourceTree = "<group>"; };
		043B5C5E282379D2009166DF /* PromoCodeModel.swift */ = {isa = PBXFileReference; lastKnownFileType = sourcecode.swift; path = PromoCodeModel.swift; sourceTree = "<group>"; };
		043D6251281AADC80053F2BE /* DatePickerWithButton.swift */ = {isa = PBXFileReference; lastKnownFileType = sourcecode.swift; path = DatePickerWithButton.swift; sourceTree = "<group>"; };
		04571143284DDA1000249E48 /* WebView.swift */ = {isa = PBXFileReference; lastKnownFileType = sourcecode.swift; path = WebView.swift; sourceTree = "<group>"; };
		04571145284DDDDB00249E48 /* TermsAndConditionWebView.swift */ = {isa = PBXFileReference; lastKnownFileType = sourcecode.swift; path = TermsAndConditionWebView.swift; sourceTree = "<group>"; };
		045CEB322837329300A871E6 /* Razorpay.xcframework */ = {isa = PBXFileReference; lastKnownFileType = wrapper.xcframework; name = Razorpay.xcframework; path = ../../../Documents/UnUsed/RazorpayDemo/Razorpay.xcframework; sourceTree = "<group>"; };
		045CEB362837363D00A871E6 /* PaymentView.swift */ = {isa = PBXFileReference; lastKnownFileType = sourcecode.swift; path = PaymentView.swift; sourceTree = "<group>"; };
		0460A1B6282A3F7F00EA4A88 /* ForgetPasswordPopupView.swift */ = {isa = PBXFileReference; lastKnownFileType = sourcecode.swift; path = ForgetPasswordPopupView.swift; sourceTree = "<group>"; };
		0460A1B8282A4CA700EA4A88 /* ForgetPasswordViewModel.swift */ = {isa = PBXFileReference; lastKnownFileType = sourcecode.swift; path = ForgetPasswordViewModel.swift; sourceTree = "<group>"; };
		0460A1BA282A545A00EA4A88 /* ForgetPasswordModel.swift */ = {isa = PBXFileReference; lastKnownFileType = sourcecode.swift; path = ForgetPasswordModel.swift; sourceTree = "<group>"; };
		047E94E728205B6D0051C289 /* CartDataModel.swift */ = {isa = PBXFileReference; lastKnownFileType = sourcecode.swift; path = CartDataModel.swift; sourceTree = "<group>"; };
		047E950428221C710051C289 /* TicketReciptView.swift */ = {isa = PBXFileReference; lastKnownFileType = sourcecode.swift; path = TicketReciptView.swift; sourceTree = "<group>"; };
		04C2B43D28509477008C6CF0 /* RootPresentationMode.swift */ = {isa = PBXFileReference; lastKnownFileType = sourcecode.swift; path = RootPresentationMode.swift; sourceTree = "<group>"; };
		04DDB6EC282814D200E3DD28 /* CustomToastView.swift */ = {isa = PBXFileReference; lastKnownFileType = sourcecode.swift; path = CustomToastView.swift; sourceTree = "<group>"; };
		04FE7AE72814F4D5004B9EC4 /* FoodBannerImageMOdel.swift */ = {isa = PBXFileReference; lastKnownFileType = sourcecode.swift; path = FoodBannerImageMOdel.swift; sourceTree = "<group>"; };
		04FE7AEA2815D029004B9EC4 /* CartModel.swift */ = {isa = PBXFileReference; lastKnownFileType = sourcecode.swift; path = CartModel.swift; sourceTree = "<group>"; };
		04FE7AED2815D181004B9EC4 /* CartAddFunctionalityViewModel.swift */ = {isa = PBXFileReference; lastKnownFileType = sourcecode.swift; path = CartAddFunctionalityViewModel.swift; sourceTree = "<group>"; };
		04FE7AF028160008004B9EC4 /* CartDataStorage.xcdatamodel */ = {isa = PBXFileReference; lastKnownFileType = wrapper.xcdatamodel; path = CartDataStorage.xcdatamodel; sourceTree = "<group>"; };
		04FE7AF22816009D004B9EC4 /* CoreDataViewModel.swift */ = {isa = PBXFileReference; lastKnownFileType = sourcecode.swift; path = CoreDataViewModel.swift; sourceTree = "<group>"; };
		0C13DB3D282A224E006C4D13 /* MovieServices.swift */ = {isa = PBXFileReference; lastKnownFileType = sourcecode.swift; path = MovieServices.swift; sourceTree = "<group>"; };
		0C13DB3F282A2857006C4D13 /* ShowsResponse.swift */ = {isa = PBXFileReference; lastKnownFileType = sourcecode.swift; path = ShowsResponse.swift; sourceTree = "<group>"; };
		0C13DB43282A8751006C4D13 /* BookSeatView.swift */ = {isa = PBXFileReference; lastKnownFileType = sourcecode.swift; path = BookSeatView.swift; sourceTree = "<group>"; };
		0C13DB45282AC771006C4D13 /* SeatLayoutResponse.swift */ = {isa = PBXFileReference; lastKnownFileType = sourcecode.swift; path = SeatLayoutResponse.swift; sourceTree = "<group>"; };
		0C13DB47282AE833006C4D13 /* BookSeatModel.swift */ = {isa = PBXFileReference; lastKnownFileType = sourcecode.swift; path = BookSeatModel.swift; sourceTree = "<group>"; };
		0C2C8C7F27EF059200418F99 /* Launch Screen.storyboard */ = {isa = PBXFileReference; lastKnownFileType = file.storyboard; path = "Launch Screen.storyboard"; sourceTree = "<group>"; };
		0C2C8C8227F238CD00418F99 /* SpiceKitchenView.swift */ = {isa = PBXFileReference; lastKnownFileType = sourcecode.swift; path = SpiceKitchenView.swift; sourceTree = "<group>"; };
		0C2C8C8427F249B600418F99 /* DishViewCell.swift */ = {isa = PBXFileReference; lastKnownFileType = sourcecode.swift; path = DishViewCell.swift; sourceTree = "<group>"; };
		0C2F2F702823E4E80046FA97 /* ChangePasswordView.swift */ = {isa = PBXFileReference; lastKnownFileType = sourcecode.swift; path = ChangePasswordView.swift; sourceTree = "<group>"; };
		0C54CF3C28357203000F07BF /* CheckoutView.swift */ = {isa = PBXFileReference; lastKnownFileType = sourcecode.swift; path = CheckoutView.swift; sourceTree = "<group>"; };
		0C54CF3E2835F72B000F07BF /* CheckoutModel.swift */ = {isa = PBXFileReference; lastKnownFileType = sourcecode.swift; path = CheckoutModel.swift; sourceTree = "<group>"; };
		0C836F8327FD6D250094EC0D /* LoginRequestModel.swift */ = {isa = PBXFileReference; lastKnownFileType = sourcecode.swift; path = LoginRequestModel.swift; sourceTree = "<group>"; };
		0C836F8527FD6E560094EC0D /* ApiFactory.swift */ = {isa = PBXFileReference; lastKnownFileType = sourcecode.swift; path = ApiFactory.swift; sourceTree = "<group>"; };
		0C836F8A27FE1C570094EC0D /* FoodListModel.swift */ = {isa = PBXFileReference; lastKnownFileType = sourcecode.swift; path = FoodListModel.swift; sourceTree = "<group>"; };
		0C836F8C27FE1E0A0094EC0D /* FoodListViewModel.swift */ = {isa = PBXFileReference; lastKnownFileType = sourcecode.swift; path = FoodListViewModel.swift; sourceTree = "<group>"; };
		0C836F8E27FE2B4B0094EC0D /* SpiceKitchenModel.swift */ = {isa = PBXFileReference; lastKnownFileType = sourcecode.swift; path = SpiceKitchenModel.swift; sourceTree = "<group>"; };
		0C8D7BAA282D78D8009FE973 /* SetSeatRequestModel.swift */ = {isa = PBXFileReference; lastKnownFileType = sourcecode.swift; path = SetSeatRequestModel.swift; sourceTree = "<group>"; };
		0C8D7BAC282E3584009FE973 /* BookedSeatResponse.swift */ = {isa = PBXFileReference; lastKnownFileType = sourcecode.swift; path = BookedSeatResponse.swift; sourceTree = "<group>"; };
		0C90718128291B3000835DD7 /* BookTicketView.swift */ = {isa = PBXFileReference; lastKnownFileType = sourcecode.swift; path = BookTicketView.swift; sourceTree = "<group>"; };
		0C907183282929FA00835DD7 /* ActiveTheatreResponse.swift */ = {isa = PBXFileReference; lastKnownFileType = sourcecode.swift; path = ActiveTheatreResponse.swift; sourceTree = "<group>"; };
		0C90718528292CFC00835DD7 /* TheatreCardView.swift */ = {isa = PBXFileReference; lastKnownFileType = sourcecode.swift; path = TheatreCardView.swift; sourceTree = "<group>"; };
		0C9CBE5627BED41B00DC7386 /* LoginView.swift */ = {isa = PBXFileReference; lastKnownFileType = sourcecode.swift; path = LoginView.swift; sourceTree = "<group>"; };
		0C9CBE5827BED42900DC7386 /* LoginViewModel.swift */ = {isa = PBXFileReference; lastKnownFileType = sourcecode.swift; path = LoginViewModel.swift; sourceTree = "<group>"; };
		0C9CBE5A27BED43200DC7386 /* LoginModel.swift */ = {isa = PBXFileReference; lastKnownFileType = sourcecode.swift; path = LoginModel.swift; sourceTree = "<group>"; };
		0CA478F52801A3FD000B5C57 /* AllFilmsResponse.swift */ = {isa = PBXFileReference; lastKnownFileType = sourcecode.swift; path = AllFilmsResponse.swift; sourceTree = "<group>"; };
		0CA478F72801C41A000B5C57 /* SpiceKitchenResponse.swift */ = {isa = PBXFileReference; lastKnownFileType = sourcecode.swift; path = SpiceKitchenResponse.swift; sourceTree = "<group>"; };
		0CA478F92801E4B2000B5C57 /* ConcessionZoneCardView.swift */ = {isa = PBXFileReference; lastKnownFileType = sourcecode.swift; path = ConcessionZoneCardView.swift; sourceTree = "<group>"; };
		0CA478FB2801E68B000B5C57 /* ConcessionZoneResponse.swift */ = {isa = PBXFileReference; lastKnownFileType = sourcecode.swift; path = ConcessionZoneResponse.swift; sourceTree = "<group>"; };
		0CABDABA28361604000D9660 /* RadioButton.swift */ = {isa = PBXFileReference; lastKnownFileType = sourcecode.swift; path = RadioButton.swift; sourceTree = "<group>"; };
		0CABDABC2836197F000D9660 /* CustomDivider.swift */ = {isa = PBXFileReference; lastKnownFileType = sourcecode.swift; path = CustomDivider.swift; sourceTree = "<group>"; };
		0CE7B2BB27B7E7880021DF8D /* KFECinemas.app */ = {isa = PBXFileReference; explicitFileType = wrapper.application; includeInIndex = 0; path = KFECinemas.app; sourceTree = BUILT_PRODUCTS_DIR; };
		0CE7B2BE27B7E7880021DF8D /* KFECinemasApp.swift */ = {isa = PBXFileReference; lastKnownFileType = sourcecode.swift; path = KFECinemasApp.swift; sourceTree = "<group>"; };
		0CE7B2C027B7E7880021DF8D /* ContentView.swift */ = {isa = PBXFileReference; lastKnownFileType = sourcecode.swift; path = ContentView.swift; sourceTree = "<group>"; };
		0CE7B2C227B7E78C0021DF8D /* Assets.xcassets */ = {isa = PBXFileReference; lastKnownFileType = folder.assetcatalog; path = Assets.xcassets; sourceTree = "<group>"; };
		0CE7B2C527B7E78C0021DF8D /* Preview Assets.xcassets */ = {isa = PBXFileReference; lastKnownFileType = folder.assetcatalog; path = "Preview Assets.xcassets"; sourceTree = "<group>"; };
		0CF1C92F27F641DF00D87F5C /* CartPageView.swift */ = {isa = PBXFileReference; lastKnownFileType = sourcecode.swift; path = CartPageView.swift; sourceTree = "<group>"; };
		0CF1C93127F6467B00D87F5C /* CartAddItemCell.swift */ = {isa = PBXFileReference; lastKnownFileType = sourcecode.swift; path = CartAddItemCell.swift; sourceTree = "<group>"; };
		0CF1C93327F796E600D87F5C /* CartItemContentView.swift */ = {isa = PBXFileReference; lastKnownFileType = sourcecode.swift; path = CartItemContentView.swift; sourceTree = "<group>"; };
		0CF1C93527F9674400D87F5C /* OffersApplyView.swift */ = {isa = PBXFileReference; lastKnownFileType = sourcecode.swift; path = OffersApplyView.swift; sourceTree = "<group>"; };
		0CF1C93727F9681600D87F5C /* OfferCell.swift */ = {isa = PBXFileReference; lastKnownFileType = sourcecode.swift; path = OfferCell.swift; sourceTree = "<group>"; };
		0CF1C94727F9EF5B00D87F5C /* NetworkManager.swift */ = {isa = PBXFileReference; fileEncoding = 4; lastKnownFileType = sourcecode.swift; path = NetworkManager.swift; sourceTree = "<group>"; };
		0CF1C94927F9EF7500D87F5C /* RequestGenerator.swift */ = {isa = PBXFileReference; fileEncoding = 4; lastKnownFileType = sourcecode.swift; path = RequestGenerator.swift; sourceTree = "<group>"; };
		0CF1C94C27F9F99300D87F5C /* ApiList.swift */ = {isa = PBXFileReference; lastKnownFileType = sourcecode.swift; path = ApiList.swift; sourceTree = "<group>"; };
		0CF7D5022849348300B67010 /* Razorpay.xcframework */ = {isa = PBXFileReference; lastKnownFileType = wrapper.xcframework; path = Razorpay.xcframework; sourceTree = "<group>"; };
		D345A43E27E4CBE200D1D5AD /* SignupView.swift */ = {isa = PBXFileReference; lastKnownFileType = sourcecode.swift; path = SignupView.swift; sourceTree = "<group>"; };
		D345A44027E4E08100D1D5AD /* Constants.swift */ = {isa = PBXFileReference; lastKnownFileType = sourcecode.swift; path = Constants.swift; sourceTree = "<group>"; };
		D345A44C27E50C6700D1D5AD /* GenericResponse.swift */ = {isa = PBXFileReference; fileEncoding = 4; lastKnownFileType = sourcecode.swift; path = GenericResponse.swift; sourceTree = "<group>"; };
		D345A44D27E50C6700D1D5AD /* NetworkError.swift */ = {isa = PBXFileReference; fileEncoding = 4; lastKnownFileType = sourcecode.swift; path = NetworkError.swift; sourceTree = "<group>"; };
		D345A44E27E50C6700D1D5AD /* Endpoint.swift */ = {isa = PBXFileReference; fileEncoding = 4; lastKnownFileType = sourcecode.swift; path = Endpoint.swift; sourceTree = "<group>"; };
		D35B1D6627F727EB007D312C /* MoviesListView.swift */ = {isa = PBXFileReference; lastKnownFileType = sourcecode.swift; path = MoviesListView.swift; sourceTree = "<group>"; };
		D35B1D6827F960FA007D312C /* MovieDetailView.swift */ = {isa = PBXFileReference; lastKnownFileType = sourcecode.swift; path = MovieDetailView.swift; sourceTree = "<group>"; };
		D38A8E8827FCA71400B26340 /* StorageSettings.swift */ = {isa = PBXFileReference; lastKnownFileType = sourcecode.swift; path = StorageSettings.swift; sourceTree = "<group>"; };
		D38A8E8A27FCB41200B26340 /* ImageLoader.swift */ = {isa = PBXFileReference; lastKnownFileType = sourcecode.swift; path = ImageLoader.swift; sourceTree = "<group>"; };
		D38A8E8D27FCBCEA00B26340 /* CustomImageView.swift */ = {isa = PBXFileReference; lastKnownFileType = sourcecode.swift; path = CustomImageView.swift; sourceTree = "<group>"; };
		D38A8E8F27FE0F3D00B26340 /* DashboardServices.swift */ = {isa = PBXFileReference; lastKnownFileType = sourcecode.swift; path = DashboardServices.swift; sourceTree = "<group>"; };
		D38A8E9227FE14D000B26340 /* BannerImagesResponse.swift */ = {isa = PBXFileReference; lastKnownFileType = sourcecode.swift; path = BannerImagesResponse.swift; sourceTree = "<group>"; };
		D38C5FE727E10B24006DD708 /* Info.plist */ = {isa = PBXFileReference; lastKnownFileType = text.plist; path = Info.plist; sourceTree = "<group>"; };
		D3B1046C27F2444A00A55E89 /* MovieCardView.swift */ = {isa = PBXFileReference; lastKnownFileType = sourcecode.swift; path = MovieCardView.swift; sourceTree = "<group>"; };
		D3B6931427F62E1F006A1907 /* SpiceKitchenCardView.swift */ = {isa = PBXFileReference; lastKnownFileType = sourcecode.swift; path = SpiceKitchenCardView.swift; sourceTree = "<group>"; };
		D3CC71A727E8F93F00C33787 /* ConfigurationManager.swift */ = {isa = PBXFileReference; fileEncoding = 4; lastKnownFileType = sourcecode.swift; path = ConfigurationManager.swift; sourceTree = "<group>"; };
		D3CC71A827E8F93F00C33787 /* Configuration.swift */ = {isa = PBXFileReference; fileEncoding = 4; lastKnownFileType = sourcecode.swift; path = Configuration.swift; sourceTree = "<group>"; };
		D3CC71AC27E8F9C900C33787 /* Constant.swift */ = {isa = PBXFileReference; fileEncoding = 4; lastKnownFileType = sourcecode.swift; path = Constant.swift; sourceTree = "<group>"; };
		D3CC71AD27E8F9C900C33787 /* GTViewController.swift */ = {isa = PBXFileReference; fileEncoding = 4; lastKnownFileType = sourcecode.swift; path = GTViewController.swift; sourceTree = "<group>"; };
		D3CC71AF27E8F9C900C33787 /* commonExtensions.swift */ = {isa = PBXFileReference; fileEncoding = 4; lastKnownFileType = sourcecode.swift; path = commonExtensions.swift; sourceTree = "<group>"; };
		D3CC71B027E8F9C900C33787 /* ApiKeys.swift */ = {isa = PBXFileReference; fileEncoding = 4; lastKnownFileType = sourcecode.swift; path = ApiKeys.swift; sourceTree = "<group>"; };
		D3CC71B127E8F9C900C33787 /* Common.swift */ = {isa = PBXFileReference; fileEncoding = 4; lastKnownFileType = sourcecode.swift; path = Common.swift; sourceTree = "<group>"; };
		D3CC71B227E8F9C900C33787 /* FeatureManager.swift */ = {isa = PBXFileReference; fileEncoding = 4; lastKnownFileType = sourcecode.swift; path = FeatureManager.swift; sourceTree = "<group>"; };
		D3CC71B327E8F9C900C33787 /* Util.swift */ = {isa = PBXFileReference; fileEncoding = 4; lastKnownFileType = sourcecode.swift; path = Util.swift; sourceTree = "<group>"; };
		D3CC71B427E8F9C900C33787 /* GradientView.swift */ = {isa = PBXFileReference; fileEncoding = 4; lastKnownFileType = sourcecode.swift; path = GradientView.swift; sourceTree = "<group>"; };
		D3DC9C6F27EE4B6900BEE17F /* SideMenu.swift */ = {isa = PBXFileReference; lastKnownFileType = sourcecode.swift; path = SideMenu.swift; sourceTree = "<group>"; };
		D3DC9C9527F2340600BEE17F /* Dashboard.swift */ = {isa = PBXFileReference; lastKnownFileType = sourcecode.swift; path = Dashboard.swift; sourceTree = "<group>"; };
		D3FF143D27F6433000EE2E4F /* MovieView.swift */ = {isa = PBXFileReference; lastKnownFileType = sourcecode.swift; path = MovieView.swift; sourceTree = "<group>"; };
/* End PBXFileReference section */

/* Begin PBXFrameworksBuildPhase section */
		0CE7B2B827B7E7880021DF8D /* Frameworks */ = {
			isa = PBXFrameworksBuildPhase;
			buildActionMask = 2147483647;
			files = (
				0498F5DF2813EF76007B2B24 /* Algorithms in Frameworks */,
				D345A43827E3BC2D00D1D5AD /* GoogleSignIn in Frameworks */,
				D345A43B27E3BC7600D1D5AD /* FacebookCore in Frameworks */,
				0CF7D5032849348300B67010 /* Razorpay.xcframework in Frameworks */,
				D345A43D27E3BC7600D1D5AD /* FacebookLogin in Frameworks */,
			);
			runOnlyForDeploymentPostprocessing = 0;
		};
/* End PBXFrameworksBuildPhase section */

/* Begin PBXGroup section */
		0433B6AA281C05B3004558B6 /* OrderHistoryPage */ = {
			isa = PBXGroup;
			children = (
				0433B6B5281C11A3004558B6 /* View */,
				0433B6B2281C09D3004558B6 /* ViewModel */,
				0433B6AB281C05C1004558B6 /* Model */,
			);
			path = OrderHistoryPage;
			sourceTree = "<group>";
		};
		0433B6AB281C05C1004558B6 /* Model */ = {
			isa = PBXGroup;
			children = (
				0433B6AC281C06E4004558B6 /* OrderHistoryConcessionZoneModel.swift */,
				047E94E728205B6D0051C289 /* CartDataModel.swift */,
				0433B6AE281C087F004558B6 /* OrderHistoryTicketModel.swift */,
				0433B6B0281C096E004558B6 /* OrderSpiceKitchenModel.swift */,
			);
			path = Model;
			sourceTree = "<group>";
		};
		0433B6B2281C09D3004558B6 /* ViewModel */ = {
			isa = PBXGroup;
			children = (
				0433B6B3281C0A08004558B6 /* OrderHistoryViewModel.swift */,
			);
			path = ViewModel;
			sourceTree = "<group>";
		};
		0433B6B5281C11A3004558B6 /* View */ = {
			isa = PBXGroup;
			children = (
				0433B6B8281C11D7004558B6 /* ReusableViews */,
				0433B6B9281C11F0004558B6 /* OrderHistoryView.swift */,
				047E950428221C710051C289 /* TicketReciptView.swift */,
			);
			path = View;
			sourceTree = "<group>";
		};
		0433B6B8281C11D7004558B6 /* ReusableViews */ = {
			isa = PBXGroup;
			children = (
				0433B6B6281C11D1004558B6 /* OrderHisroryViewCell.swift */,
			);
			path = ReusableViews;
			sourceTree = "<group>";
		};
		045CEB312837329300A871E6 /* Frameworks */ = {
			isa = PBXGroup;
			children = (
				0CF7D5022849348300B67010 /* Razorpay.xcframework */,
				045CEB322837329300A871E6 /* Razorpay.xcframework */,
			);
			name = Frameworks;
			sourceTree = "<group>";
		};
		04FE7AE92815CFFC004B9EC4 /* Model */ = {
			isa = PBXGroup;
			children = (
				04FE7AEA2815D029004B9EC4 /* CartModel.swift */,
				043B5C5E282379D2009166DF /* PromoCodeModel.swift */,
			);
			path = Model;
			sourceTree = "<group>";
		};
		04FE7AEC2815D15D004B9EC4 /* ViewModel */ = {
			isa = PBXGroup;
			children = (
				04FE7AED2815D181004B9EC4 /* CartAddFunctionalityViewModel.swift */,
				0422AFCF28262557004B9871 /* PromoViewModel.swift */,
			);
			path = ViewModel;
			sourceTree = "<group>";
		};
		0C13DB41282A2931006C4D13 /* Model */ = {
			isa = PBXGroup;
			children = (
				0C13DB3F282A2857006C4D13 /* ShowsResponse.swift */,
				0C13DB45282AC771006C4D13 /* SeatLayoutResponse.swift */,
				0C13DB47282AE833006C4D13 /* BookSeatModel.swift */,
				0C8D7BAA282D78D8009FE973 /* SetSeatRequestModel.swift */,
				0C8D7BAC282E3584009FE973 /* BookedSeatResponse.swift */,
				0C54CF3E2835F72B000F07BF /* CheckoutModel.swift */,
				040BBA1C2848F32C004658AB /* ConfirmSeatsModel.swift */,
			);
			path = Model;
			sourceTree = "<group>";
		};
		0C13DB42282A2938006C4D13 /* View */ = {
			isa = PBXGroup;
			children = (
				D3FF143D27F6433000EE2E4F /* MovieView.swift */,
				D3B1046C27F2444A00A55E89 /* MovieCardView.swift */,
				D35B1D6627F727EB007D312C /* MoviesListView.swift */,
				D35B1D6827F960FA007D312C /* MovieDetailView.swift */,
				0C90718128291B3000835DD7 /* BookTicketView.swift */,
				0C13DB43282A8751006C4D13 /* BookSeatView.swift */,
				0C54CF3C28357203000F07BF /* CheckoutView.swift */,
				045CEB362837363D00A871E6 /* PaymentView.swift */,
			);
			path = View;
			sourceTree = "<group>";
		};
		0C2C8C8127F238A900418F99 /* SideMenu */ = {
			isa = PBXGroup;
			children = (
			);
			path = SideMenu;
			sourceTree = "<group>";
		};
		0C836F8727FE1BE40094EC0D /* FoodMenuPage */ = {
			isa = PBXGroup;
			children = (
				0C836F8927FE1C0A0094EC0D /* ViewModel */,
				0C836F8827FE1BFF0094EC0D /* Model */,
				0CF1C92D27F632C300D87F5C /* View */,
			);
			path = FoodMenuPage;
			sourceTree = "<group>";
		};
		0C836F8827FE1BFF0094EC0D /* Model */ = {
			isa = PBXGroup;
			children = (
				0C836F8A27FE1C570094EC0D /* FoodListModel.swift */,
				0C836F8E27FE2B4B0094EC0D /* SpiceKitchenModel.swift */,
				04FE7AE72814F4D5004B9EC4 /* FoodBannerImageMOdel.swift */,
			);
			path = Model;
			sourceTree = "<group>";
		};
		0C836F8927FE1C0A0094EC0D /* ViewModel */ = {
			isa = PBXGroup;
			children = (
				0C836F8C27FE1E0A0094EC0D /* FoodListViewModel.swift */,
			);
			path = ViewModel;
			sourceTree = "<group>";
		};
		0C9CBE5527BED3FD00DC7386 /* Registration */ = {
			isa = PBXGroup;
			children = (
				D3CC71C327EA3D4100C33787 /* View */,
				D3CC71C227EA3D3A00C33787 /* Model */,
				D3CC71C127EA3D2D00C33787 /* ViewModel */,
			);
			path = Registration;
			sourceTree = "<group>";
		};
		0CE7B2B227B7E7880021DF8D = {
			isa = PBXGroup;
			children = (
				0CE7B2BD27B7E7880021DF8D /* KFECinemas */,
				0CE7B2BC27B7E7880021DF8D /* Products */,
				045CEB312837329300A871E6 /* Frameworks */,
			);
			sourceTree = "<group>";
		};
		0CE7B2BC27B7E7880021DF8D /* Products */ = {
			isa = PBXGroup;
			children = (
				0CE7B2BB27B7E7880021DF8D /* KFECinemas.app */,
			);
			name = Products;
			sourceTree = "<group>";
		};
		0CE7B2BD27B7E7880021DF8D /* KFECinemas */ = {
			isa = PBXGroup;
			children = (
				D38C5FE727E10B24006DD708 /* Info.plist */,
				D345A44027E4E08100D1D5AD /* Constants.swift */,
				D38A8E8C27FCBBF800B26340 /* CustomViews */,
				D3CC71AB27E8F9C900C33787 /* CommonUtil */,
				D3CC71A627E8F93F00C33787 /* Configuration */,
				D345A44A27E50C6700D1D5AD /* Network */,
				0C9CBE5527BED3FD00DC7386 /* Registration */,
				0CF1C93927F972CC00D87F5C /* CartPage */,
				D3CC71BE27EA3CEF00C33787 /* Home */,
				D35B1D6527F727C8007D312C /* Movie */,
				0433B6AA281C05B3004558B6 /* OrderHistoryPage */,
				0C836F8727FE1BE40094EC0D /* FoodMenuPage */,
				0C2C8C8127F238A900418F99 /* SideMenu */,
				0CE7B2BE27B7E7880021DF8D /* KFECinemasApp.swift */,
				0C2C8C7F27EF059200418F99 /* Launch Screen.storyboard */,
				0CE7B2C027B7E7880021DF8D /* ContentView.swift */,
				04FE7AEF28160008004B9EC4 /* CartDataStorage.xcdatamodeld */,
				0CE7B2C227B7E78C0021DF8D /* Assets.xcassets */,
				0CE7B2C427B7E78C0021DF8D /* Preview Content */,
			);
			path = KFECinemas;
			sourceTree = "<group>";
		};
		0CE7B2C427B7E78C0021DF8D /* Preview Content */ = {
			isa = PBXGroup;
			children = (
				0CE7B2C527B7E78C0021DF8D /* Preview Assets.xcassets */,
			);
			path = "Preview Content";
			sourceTree = "<group>";
		};
		0CF1C92D27F632C300D87F5C /* View */ = {
			isa = PBXGroup;
			children = (
				0C2C8C8227F238CD00418F99 /* SpiceKitchenView.swift */,
				0CF1C92E27F632CE00D87F5C /* ReusableViews */,
			);
			path = View;
			sourceTree = "<group>";
		};
		0CF1C92E27F632CE00D87F5C /* ReusableViews */ = {
			isa = PBXGroup;
			children = (
				0C2C8C8427F249B600418F99 /* DishViewCell.swift */,
			);
			path = ReusableViews;
			sourceTree = "<group>";
		};
		0CF1C93927F972CC00D87F5C /* CartPage */ = {
			isa = PBXGroup;
			children = (
				04FE7AEC2815D15D004B9EC4 /* ViewModel */,
				04FE7AE92815CFFC004B9EC4 /* Model */,
				0CF1C93A27F972FB00D87F5C /* View */,
				0CF1C93527F9674400D87F5C /* OffersApplyView.swift */,
				0CF1C92F27F641DF00D87F5C /* CartPageView.swift */,
			);
			path = CartPage;
			sourceTree = "<group>";
		};
		0CF1C93A27F972FB00D87F5C /* View */ = {
			isa = PBXGroup;
			children = (
				0CF1C93B27F9730600D87F5C /* ReusableViews */,
			);
			path = View;
			sourceTree = "<group>";
		};
		0CF1C93B27F9730600D87F5C /* ReusableViews */ = {
			isa = PBXGroup;
			children = (
				0CF1C93327F796E600D87F5C /* CartItemContentView.swift */,
				0CF1C93727F9681600D87F5C /* OfferCell.swift */,
				0CF1C93127F6467B00D87F5C /* CartAddItemCell.swift */,
			);
			path = ReusableViews;
			sourceTree = "<group>";
		};
		D345A44A27E50C6700D1D5AD /* Network */ = {
			isa = PBXGroup;
			children = (
				0CF1C94927F9EF7500D87F5C /* RequestGenerator.swift */,
				0CF1C94727F9EF5B00D87F5C /* NetworkManager.swift */,
				D345A44C27E50C6700D1D5AD /* GenericResponse.swift */,
				D345A44D27E50C6700D1D5AD /* NetworkError.swift */,
				D345A44E27E50C6700D1D5AD /* Endpoint.swift */,
				0C836F8527FD6E560094EC0D /* ApiFactory.swift */,
			);
			path = Network;
			sourceTree = "<group>";
		};
		D35B1D6527F727C8007D312C /* Movie */ = {
			isa = PBXGroup;
			children = (
				0C13DB42282A2938006C4D13 /* View */,
				0C13DB41282A2931006C4D13 /* Model */,
				0C13DB3D282A224E006C4D13 /* MovieServices.swift */,
			);
			path = Movie;
			sourceTree = "<group>";
		};
		D38A8E8C27FCBBF800B26340 /* CustomViews */ = {
			isa = PBXGroup;
			children = (
				D38A8E8D27FCBCEA00B26340 /* CustomImageView.swift */,
				0CABDABA28361604000D9660 /* RadioButton.swift */,
				0CABDABC2836197F000D9660 /* CustomDivider.swift */,
				04571143284DDA1000249E48 /* WebView.swift */,
				04C2B43D28509477008C6CF0 /* RootPresentationMode.swift */,
			);
			path = CustomViews;
			sourceTree = "<group>";
		};
		D38A8E9127FE14B700B26340 /* Model */ = {
			isa = PBXGroup;
			children = (
				D38A8E9227FE14D000B26340 /* BannerImagesResponse.swift */,
				0CA478F52801A3FD000B5C57 /* AllFilmsResponse.swift */,
				0CA478F72801C41A000B5C57 /* SpiceKitchenResponse.swift */,
				0CA478FB2801E68B000B5C57 /* ConcessionZoneResponse.swift */,
				0C907183282929FA00835DD7 /* ActiveTheatreResponse.swift */,
			);
			path = Model;
			sourceTree = "<group>";
		};
		D3B1046B27F2414000A55E89 /* View */ = {
			isa = PBXGroup;
			children = (
				D3B6931427F62E1F006A1907 /* SpiceKitchenCardView.swift */,
				0CA478F92801E4B2000B5C57 /* ConcessionZoneCardView.swift */,
				0C2F2F702823E4E80046FA97 /* ChangePasswordView.swift */,
				0C90718528292CFC00835DD7 /* TheatreCardView.swift */,
			);
			path = View;
			sourceTree = "<group>";
		};
		D3CC71A627E8F93F00C33787 /* Configuration */ = {
			isa = PBXGroup;
			children = (
				D3CC71A727E8F93F00C33787 /* ConfigurationManager.swift */,
				D3CC71A827E8F93F00C33787 /* Configuration.swift */,
				0CF1C94C27F9F99300D87F5C /* ApiList.swift */,
			);
			path = Configuration;
			sourceTree = "<group>";
		};
		D3CC71AB27E8F9C900C33787 /* CommonUtil */ = {
			isa = PBXGroup;
			children = (
				D3CC71AC27E8F9C900C33787 /* Constant.swift */,
				D3CC71AD27E8F9C900C33787 /* GTViewController.swift */,
				D3CC71AF27E8F9C900C33787 /* commonExtensions.swift */,
				D3CC71B027E8F9C900C33787 /* ApiKeys.swift */,
				D3CC71B127E8F9C900C33787 /* Common.swift */,
				D3CC71B227E8F9C900C33787 /* FeatureManager.swift */,
				D3CC71B327E8F9C900C33787 /* Util.swift */,
				D3CC71B427E8F9C900C33787 /* GradientView.swift */,
				D38A8E8827FCA71400B26340 /* StorageSettings.swift */,
				D38A8E8A27FCB41200B26340 /* ImageLoader.swift */,
				04FE7AF22816009D004B9EC4 /* CoreDataViewModel.swift */,
				043D6251281AADC80053F2BE /* DatePickerWithButton.swift */,
				04DDB6EC282814D200E3DD28 /* CustomToastView.swift */,
			);
			path = CommonUtil;
			sourceTree = "<group>";
		};
		D3CC71BE27EA3CEF00C33787 /* Home */ = {
			isa = PBXGroup;
			children = (
				D38A8E9127FE14B700B26340 /* Model */,
				D3B1046B27F2414000A55E89 /* View */,
				D3DC9C6F27EE4B6900BEE17F /* SideMenu.swift */,
				04571145284DDDDB00249E48 /* TermsAndConditionWebView.swift */,
				D3DC9C9527F2340600BEE17F /* Dashboard.swift */,
				D38A8E8F27FE0F3D00B26340 /* DashboardServices.swift */,
			);
			path = Home;
			sourceTree = "<group>";
		};
		D3CC71C127EA3D2D00C33787 /* ViewModel */ = {
			isa = PBXGroup;
			children = (
				0C9CBE5827BED42900DC7386 /* LoginViewModel.swift */,
				0460A1B8282A4CA700EA4A88 /* ForgetPasswordViewModel.swift */,
			);
			path = ViewModel;
			sourceTree = "<group>";
		};
		D3CC71C227EA3D3A00C33787 /* Model */ = {
			isa = PBXGroup;
			children = (
				0C9CBE5A27BED43200DC7386 /* LoginModel.swift */,
				0C836F8327FD6D250094EC0D /* LoginRequestModel.swift */,
				0460A1BA282A545A00EA4A88 /* ForgetPasswordModel.swift */,
			);
			path = Model;
			sourceTree = "<group>";
		};
		D3CC71C327EA3D4100C33787 /* View */ = {
			isa = PBXGroup;
			children = (
				0C9CBE5627BED41B00DC7386 /* LoginView.swift */,
				0460A1B6282A3F7F00EA4A88 /* ForgetPasswordPopupView.swift */,
				D345A43E27E4CBE200D1D5AD /* SignupView.swift */,
			);
			path = View;
			sourceTree = "<group>";
		};
/* End PBXGroup section */

/* Begin PBXNativeTarget section */
		0CE7B2BA27B7E7880021DF8D /* KFECinemas */ = {
			isa = PBXNativeTarget;
			buildConfigurationList = 0CE7B2C927B7E78C0021DF8D /* Build configuration list for PBXNativeTarget "KFECinemas" */;
			buildPhases = (
				0CE7B2B727B7E7880021DF8D /* Sources */,
				0CE7B2B827B7E7880021DF8D /* Frameworks */,
				0CE7B2B927B7E7880021DF8D /* Resources */,
				0CF7D5052849348300B67010 /* Embed Frameworks */,
			);
			buildRules = (
			);
			dependencies = (
			);
			name = KFECinemas;
			packageProductDependencies = (
				D345A43727E3BC2D00D1D5AD /* GoogleSignIn */,
				D345A43A27E3BC7600D1D5AD /* FacebookCore */,
				D345A43C27E3BC7600D1D5AD /* FacebookLogin */,
				0498F5DE2813EF76007B2B24 /* Algorithms */,
			);
			productName = KFECinemas;
			productReference = 0CE7B2BB27B7E7880021DF8D /* KFECinemas.app */;
			productType = "com.apple.product-type.application";
		};
/* End PBXNativeTarget section */

/* Begin PBXProject section */
		0CE7B2B327B7E7880021DF8D /* Project object */ = {
			isa = PBXProject;
			attributes = {
				BuildIndependentTargetsInParallel = 1;
				LastSwiftUpdateCheck = 1320;
				LastUpgradeCheck = 1320;
				TargetAttributes = {
					0CE7B2BA27B7E7880021DF8D = {
						CreatedOnToolsVersion = 13.2.1;
					};
				};
			};
			buildConfigurationList = 0CE7B2B627B7E7880021DF8D /* Build configuration list for PBXProject "KFECinemas" */;
			compatibilityVersion = "Xcode 13.0";
			developmentRegion = en;
			hasScannedForEncodings = 0;
			knownRegions = (
				en,
				Base,
			);
			mainGroup = 0CE7B2B227B7E7880021DF8D;
			packageReferences = (
				D345A43627E3BC2D00D1D5AD /* XCRemoteSwiftPackageReference "GoogleSignIn-iOS" */,
				D345A43927E3BC7600D1D5AD /* XCRemoteSwiftPackageReference "facebook-ios-sdk" */,
				0C836F8227FCC64F0094EC0D /* XCRemoteSwiftPackageReference "swift-algorithms" */,
				0498F5DD2813EF76007B2B24 /* XCRemoteSwiftPackageReference "swift-algorithms" */,
			);
			productRefGroup = 0CE7B2BC27B7E7880021DF8D /* Products */;
			projectDirPath = "";
			projectRoot = "";
			targets = (
				0CE7B2BA27B7E7880021DF8D /* KFECinemas */,
			);
		};
/* End PBXProject section */

/* Begin PBXResourcesBuildPhase section */
		0CE7B2B927B7E7880021DF8D /* Resources */ = {
			isa = PBXResourcesBuildPhase;
			buildActionMask = 2147483647;
			files = (
				0C2C8C8027EF059200418F99 /* Launch Screen.storyboard in Resources */,
				0CE7B2C627B7E78C0021DF8D /* Preview Assets.xcassets in Resources */,
				0CE7B2C327B7E78C0021DF8D /* Assets.xcassets in Resources */,
			);
			runOnlyForDeploymentPostprocessing = 0;
		};
/* End PBXResourcesBuildPhase section */

/* Begin PBXSourcesBuildPhase section */
		0CE7B2B727B7E7880021DF8D /* Sources */ = {
			isa = PBXSourcesBuildPhase;
			buildActionMask = 2147483647;
			files = (
				D38A8E8E27FCBCEA00B26340 /* CustomImageView.swift in Sources */,
				0C2F2F712823E4E80046FA97 /* ChangePasswordView.swift in Sources */,
				0C907184282929FA00835DD7 /* ActiveTheatreResponse.swift in Sources */,
				D3CC71BD27E8F9C900C33787 /* GradientView.swift in Sources */,
				0C836F8F27FE2B4B0094EC0D /* SpiceKitchenModel.swift in Sources */,
				D35B1D6927F960FA007D312C /* MovieDetailView.swift in Sources */,
				0433B6B4281C0A08004558B6 /* OrderHistoryViewModel.swift in Sources */,
				04571146284DDDDB00249E48 /* TermsAndConditionWebView.swift in Sources */,
				D35B1D6727F727EB007D312C /* MoviesListView.swift in Sources */,
				0CF1C93427F796E600D87F5C /* CartItemContentView.swift in Sources */,
				040BBA1D2848F32C004658AB /* ConfirmSeatsModel.swift in Sources */,
				0C13DB40282A2857006C4D13 /* ShowsResponse.swift in Sources */,
				0CF1C93627F9674400D87F5C /* OffersApplyView.swift in Sources */,
				D345A45027E50C6700D1D5AD /* GenericResponse.swift in Sources */,
				D3CC71B527E8F9C900C33787 /* Constant.swift in Sources */,
				04FE7AF32816009D004B9EC4 /* CoreDataViewModel.swift in Sources */,
				D3CC71B827E8F9C900C33787 /* commonExtensions.swift in Sources */,
				043D6252281AADC80053F2BE /* DatePickerWithButton.swift in Sources */,
				0C2C8C8327F238CD00418F99 /* SpiceKitchenView.swift in Sources */,
				D3CC71AA27E8F93F00C33787 /* Configuration.swift in Sources */,
				0C13DB3E282A224E006C4D13 /* MovieServices.swift in Sources */,
				0C2C8C8527F249B600418F99 /* DishViewCell.swift in Sources */,
				D38A8E9027FE0F3D00B26340 /* DashboardServices.swift in Sources */,
				04C2B43E28509477008C6CF0 /* RootPresentationMode.swift in Sources */,
				0CA478FA2801E4B2000B5C57 /* ConcessionZoneCardView.swift in Sources */,
				0C90718628292CFC00835DD7 /* TheatreCardView.swift in Sources */,
				043B5C5F282379D2009166DF /* PromoCodeModel.swift in Sources */,
				0CF1C93227F6467B00D87F5C /* CartAddItemCell.swift in Sources */,
				D345A43F27E4CBE200D1D5AD /* SignupView.swift in Sources */,
				0C54CF3D28357203000F07BF /* CheckoutView.swift in Sources */,
				0CABDABB28361604000D9660 /* RadioButton.swift in Sources */,
				0C836F8B27FE1C570094EC0D /* FoodListModel.swift in Sources */,
				D3CC71BA27E8F9C900C33787 /* Common.swift in Sources */,
				0433B6BA281C11F0004558B6 /* OrderHistoryView.swift in Sources */,
				0CA478F82801C41A000B5C57 /* SpiceKitchenResponse.swift in Sources */,
				0433B6B1281C096E004558B6 /* OrderSpiceKitchenModel.swift in Sources */,
				0C9CBE5B27BED43200DC7386 /* LoginModel.swift in Sources */,
				04571144284DDA1000249E48 /* WebView.swift in Sources */,
				D3CC71B927E8F9C900C33787 /* ApiKeys.swift in Sources */,
				04DDB6ED282814D200E3DD28 /* CustomToastView.swift in Sources */,
				04FE7AEE2815D181004B9EC4 /* CartAddFunctionalityViewModel.swift in Sources */,
				0C13DB48282AE833006C4D13 /* BookSeatModel.swift in Sources */,
				0CA478F62801A3FD000B5C57 /* AllFilmsResponse.swift in Sources */,
				D3DC9C7027EE4B6900BEE17F /* SideMenu.swift in Sources */,
				0422AFD028262557004B9871 /* PromoViewModel.swift in Sources */,
				D3CC71BC27E8F9C900C33787 /* Util.swift in Sources */,
				0CF1C94827F9EF5B00D87F5C /* NetworkManager.swift in Sources */,
				047E950528221C710051C289 /* TicketReciptView.swift in Sources */,
				D3B6931527F62E1F006A1907 /* SpiceKitchenCardView.swift in Sources */,
				0C836F8627FD6E560094EC0D /* ApiFactory.swift in Sources */,
				D3DC9C9627F2340600BEE17F /* Dashboard.swift in Sources */,
				047E94E828205B6D0051C289 /* CartDataModel.swift in Sources */,
				D38A8E8B27FCB41200B26340 /* ImageLoader.swift in Sources */,
				0433B6AD281C06E4004558B6 /* OrderHistoryConcessionZoneModel.swift in Sources */,
				0C836F8427FD6D250094EC0D /* LoginRequestModel.swift in Sources */,
				0C836F8D27FE1E0A0094EC0D /* FoodListViewModel.swift in Sources */,
				0CABDABD2836197F000D9660 /* CustomDivider.swift in Sources */,
				0C9CBE5927BED42900DC7386 /* LoginViewModel.swift in Sources */,
				0C9CBE5727BED41B00DC7386 /* LoginView.swift in Sources */,
				0C54CF3F2835F72B000F07BF /* CheckoutModel.swift in Sources */,
				0C90718228291B3000835DD7 /* BookTicketView.swift in Sources */,
				0CE7B2C127B7E7880021DF8D /* ContentView.swift in Sources */,
				045CEB372837363D00A871E6 /* PaymentView.swift in Sources */,
				D3CC71A927E8F93F00C33787 /* ConfigurationManager.swift in Sources */,
				0433B6B7281C11D1004558B6 /* OrderHisroryViewCell.swift in Sources */,
				D3CC71B627E8F9C900C33787 /* GTViewController.swift in Sources */,
				0CE7B2BF27B7E7880021DF8D /* KFECinemasApp.swift in Sources */,
				0C13DB46282AC771006C4D13 /* SeatLayoutResponse.swift in Sources */,
				0433B6AF281C087F004558B6 /* OrderHistoryTicketModel.swift in Sources */,
				0CF1C93027F641DF00D87F5C /* CartPageView.swift in Sources */,
				0460A1B9282A4CA700EA4A88 /* ForgetPasswordViewModel.swift in Sources */,
				0CA478FC2801E68B000B5C57 /* ConcessionZoneResponse.swift in Sources */,
				D345A44127E4E08100D1D5AD /* Constants.swift in Sources */,
				0CF1C94D27F9F99300D87F5C /* ApiList.swift in Sources */,
				D3B1046D27F2444A00A55E89 /* MovieCardView.swift in Sources */,
				04FE7AE82814F4D5004B9EC4 /* FoodBannerImageMOdel.swift in Sources */,
				04FE7AF128160008004B9EC4 /* CartDataStorage.xcdatamodeld in Sources */,
				D3FF143E27F6433000EE2E4F /* MovieView.swift in Sources */,
				0CF1C94A27F9EF7500D87F5C /* RequestGenerator.swift in Sources */,
				0C8D7BAB282D78D8009FE973 /* SetSeatRequestModel.swift in Sources */,
				D345A45227E50C6700D1D5AD /* Endpoint.swift in Sources */,
				D38A8E8927FCA71400B26340 /* StorageSettings.swift in Sources */,
				D38A8E9327FE14D000B26340 /* BannerImagesResponse.swift in Sources */,
				0C13DB44282A8751006C4D13 /* BookSeatView.swift in Sources */,
				0C8D7BAD282E3584009FE973 /* BookedSeatResponse.swift in Sources */,
				04FE7AEB2815D029004B9EC4 /* CartModel.swift in Sources */,
				0CF1C93827F9681600D87F5C /* OfferCell.swift in Sources */,
				D345A45127E50C6700D1D5AD /* NetworkError.swift in Sources */,
				D3CC71BB27E8F9C900C33787 /* FeatureManager.swift in Sources */,
				0460A1B7282A3F7F00EA4A88 /* ForgetPasswordPopupView.swift in Sources */,
				0460A1BB282A545A00EA4A88 /* ForgetPasswordModel.swift in Sources */,
			);
			runOnlyForDeploymentPostprocessing = 0;
		};
/* End PBXSourcesBuildPhase section */

/* Begin XCBuildConfiguration section */
		0CE7B2C727B7E78C0021DF8D /* Debug */ = {
			isa = XCBuildConfiguration;
			buildSettings = {
				ALWAYS_SEARCH_USER_PATHS = NO;
				CLANG_ANALYZER_NONNULL = YES;
				CLANG_ANALYZER_NUMBER_OBJECT_CONVERSION = YES_AGGRESSIVE;
				CLANG_CXX_LANGUAGE_STANDARD = "gnu++17";
				CLANG_CXX_LIBRARY = "libc++";
				CLANG_ENABLE_MODULES = YES;
				CLANG_ENABLE_OBJC_ARC = YES;
				CLANG_ENABLE_OBJC_WEAK = YES;
				CLANG_WARN_BLOCK_CAPTURE_AUTORELEASING = YES;
				CLANG_WARN_BOOL_CONVERSION = YES;
				CLANG_WARN_COMMA = YES;
				CLANG_WARN_CONSTANT_CONVERSION = YES;
				CLANG_WARN_DEPRECATED_OBJC_IMPLEMENTATIONS = YES;
				CLANG_WARN_DIRECT_OBJC_ISA_USAGE = YES_ERROR;
				CLANG_WARN_DOCUMENTATION_COMMENTS = YES;
				CLANG_WARN_EMPTY_BODY = YES;
				CLANG_WARN_ENUM_CONVERSION = YES;
				CLANG_WARN_INFINITE_RECURSION = YES;
				CLANG_WARN_INT_CONVERSION = YES;
				CLANG_WARN_NON_LITERAL_NULL_CONVERSION = YES;
				CLANG_WARN_OBJC_IMPLICIT_RETAIN_SELF = YES;
				CLANG_WARN_OBJC_LITERAL_CONVERSION = YES;
				CLANG_WARN_OBJC_ROOT_CLASS = YES_ERROR;
				CLANG_WARN_QUOTED_INCLUDE_IN_FRAMEWORK_HEADER = YES;
				CLANG_WARN_RANGE_LOOP_ANALYSIS = YES;
				CLANG_WARN_STRICT_PROTOTYPES = YES;
				CLANG_WARN_SUSPICIOUS_MOVE = YES;
				CLANG_WARN_UNGUARDED_AVAILABILITY = YES_AGGRESSIVE;
				CLANG_WARN_UNREACHABLE_CODE = YES;
				CLANG_WARN__DUPLICATE_METHOD_MATCH = YES;
				COPY_PHASE_STRIP = NO;
				DEBUG_INFORMATION_FORMAT = dwarf;
				ENABLE_STRICT_OBJC_MSGSEND = YES;
				ENABLE_TESTABILITY = YES;
				GCC_C_LANGUAGE_STANDARD = gnu11;
				GCC_DYNAMIC_NO_PIC = NO;
				GCC_NO_COMMON_BLOCKS = YES;
				GCC_OPTIMIZATION_LEVEL = 0;
				GCC_PREPROCESSOR_DEFINITIONS = (
					"DEBUG=1",
					"$(inherited)",
				);
				GCC_WARN_64_TO_32_BIT_CONVERSION = YES;
				GCC_WARN_ABOUT_RETURN_TYPE = YES_ERROR;
				GCC_WARN_UNDECLARED_SELECTOR = YES;
				GCC_WARN_UNINITIALIZED_AUTOS = YES_AGGRESSIVE;
				GCC_WARN_UNUSED_FUNCTION = YES;
				GCC_WARN_UNUSED_VARIABLE = YES;
				IPHONEOS_DEPLOYMENT_TARGET = 15.2;
				MTL_ENABLE_DEBUG_INFO = INCLUDE_SOURCE;
				MTL_FAST_MATH = YES;
				ONLY_ACTIVE_ARCH = YES;
				SDKROOT = iphoneos;
				SWIFT_ACTIVE_COMPILATION_CONDITIONS = DEBUG;
				SWIFT_OPTIMIZATION_LEVEL = "-Onone";
			};
			name = Debug;
		};
		0CE7B2C827B7E78C0021DF8D /* Release */ = {
			isa = XCBuildConfiguration;
			buildSettings = {
				ALWAYS_SEARCH_USER_PATHS = NO;
				CLANG_ANALYZER_NONNULL = YES;
				CLANG_ANALYZER_NUMBER_OBJECT_CONVERSION = YES_AGGRESSIVE;
				CLANG_CXX_LANGUAGE_STANDARD = "gnu++17";
				CLANG_CXX_LIBRARY = "libc++";
				CLANG_ENABLE_MODULES = YES;
				CLANG_ENABLE_OBJC_ARC = YES;
				CLANG_ENABLE_OBJC_WEAK = YES;
				CLANG_WARN_BLOCK_CAPTURE_AUTORELEASING = YES;
				CLANG_WARN_BOOL_CONVERSION = YES;
				CLANG_WARN_COMMA = YES;
				CLANG_WARN_CONSTANT_CONVERSION = YES;
				CLANG_WARN_DEPRECATED_OBJC_IMPLEMENTATIONS = YES;
				CLANG_WARN_DIRECT_OBJC_ISA_USAGE = YES_ERROR;
				CLANG_WARN_DOCUMENTATION_COMMENTS = YES;
				CLANG_WARN_EMPTY_BODY = YES;
				CLANG_WARN_ENUM_CONVERSION = YES;
				CLANG_WARN_INFINITE_RECURSION = YES;
				CLANG_WARN_INT_CONVERSION = YES;
				CLANG_WARN_NON_LITERAL_NULL_CONVERSION = YES;
				CLANG_WARN_OBJC_IMPLICIT_RETAIN_SELF = YES;
				CLANG_WARN_OBJC_LITERAL_CONVERSION = YES;
				CLANG_WARN_OBJC_ROOT_CLASS = YES_ERROR;
				CLANG_WARN_QUOTED_INCLUDE_IN_FRAMEWORK_HEADER = YES;
				CLANG_WARN_RANGE_LOOP_ANALYSIS = YES;
				CLANG_WARN_STRICT_PROTOTYPES = YES;
				CLANG_WARN_SUSPICIOUS_MOVE = YES;
				CLANG_WARN_UNGUARDED_AVAILABILITY = YES_AGGRESSIVE;
				CLANG_WARN_UNREACHABLE_CODE = YES;
				CLANG_WARN__DUPLICATE_METHOD_MATCH = YES;
				COPY_PHASE_STRIP = NO;
				DEBUG_INFORMATION_FORMAT = "dwarf-with-dsym";
				ENABLE_NS_ASSERTIONS = NO;
				ENABLE_STRICT_OBJC_MSGSEND = YES;
				GCC_C_LANGUAGE_STANDARD = gnu11;
				GCC_NO_COMMON_BLOCKS = YES;
				GCC_WARN_64_TO_32_BIT_CONVERSION = YES;
				GCC_WARN_ABOUT_RETURN_TYPE = YES_ERROR;
				GCC_WARN_UNDECLARED_SELECTOR = YES;
				GCC_WARN_UNINITIALIZED_AUTOS = YES_AGGRESSIVE;
				GCC_WARN_UNUSED_FUNCTION = YES;
				GCC_WARN_UNUSED_VARIABLE = YES;
				IPHONEOS_DEPLOYMENT_TARGET = 15.2;
				MTL_ENABLE_DEBUG_INFO = NO;
				MTL_FAST_MATH = YES;
				SDKROOT = iphoneos;
				SWIFT_COMPILATION_MODE = wholemodule;
				SWIFT_OPTIMIZATION_LEVEL = "-O";
				VALIDATE_PRODUCT = YES;
			};
			name = Release;
		};
		0CE7B2CA27B7E78C0021DF8D /* Debug */ = {
			isa = XCBuildConfiguration;
			buildSettings = {
				ASSETCATALOG_COMPILER_APPICON_NAME = AppIcon;
				ASSETCATALOG_COMPILER_GLOBAL_ACCENT_COLOR_NAME = AccentColor;
				CODE_SIGN_STYLE = Automatic;
				CURRENT_PROJECT_VERSION = 1;
				DEVELOPMENT_ASSET_PATHS = "\"KFECinemas/Preview Content\"";
				DEVELOPMENT_TEAM = NR95N74984;
				ENABLE_PREVIEWS = YES;
				GENERATE_INFOPLIST_FILE = YES;
				INFOPLIST_FILE = KFECinemas/Info.plist;
				INFOPLIST_KEY_UIApplicationSceneManifest_Generation = YES;
				INFOPLIST_KEY_UIApplicationSupportsIndirectInputEvents = YES;
				INFOPLIST_KEY_UILaunchStoryboardName = "Launch Screen";
				INFOPLIST_KEY_UISupportedInterfaceOrientations_iPad = "UIInterfaceOrientationPortrait UIInterfaceOrientationPortraitUpsideDown UIInterfaceOrientationLandscapeLeft UIInterfaceOrientationLandscapeRight";
				INFOPLIST_KEY_UISupportedInterfaceOrientations_iPhone = "UIInterfaceOrientationPortrait UIInterfaceOrientationLandscapeLeft UIInterfaceOrientationLandscapeRight";
				IPHONEOS_DEPLOYMENT_TARGET = 15.2;
				LD_RUNPATH_SEARCH_PATHS = (
					"$(inherited)",
					"@executable_path/Frameworks",
				);
				MARKETING_VERSION = 1.0;
				PRODUCT_BUNDLE_IDENTIFIER = tech.netrin.conqur;
				PRODUCT_NAME = "$(TARGET_NAME)";
				SWIFT_EMIT_LOC_STRINGS = YES;
				SWIFT_VERSION = 5.0;
				TARGETED_DEVICE_FAMILY = "1,2";
			};
			name = Debug;
		};
		0CE7B2CB27B7E78C0021DF8D /* Release */ = {
			isa = XCBuildConfiguration;
			buildSettings = {
				ASSETCATALOG_COMPILER_APPICON_NAME = AppIcon;
				ASSETCATALOG_COMPILER_GLOBAL_ACCENT_COLOR_NAME = AccentColor;
				CODE_SIGN_STYLE = Automatic;
				CURRENT_PROJECT_VERSION = 1;
				DEVELOPMENT_ASSET_PATHS = "\"KFECinemas/Preview Content\"";
				DEVELOPMENT_TEAM = NR95N74984;
				ENABLE_PREVIEWS = YES;
				GENERATE_INFOPLIST_FILE = YES;
				INFOPLIST_FILE = KFECinemas/Info.plist;
				INFOPLIST_KEY_UIApplicationSceneManifest_Generation = YES;
				INFOPLIST_KEY_UIApplicationSupportsIndirectInputEvents = YES;
				INFOPLIST_KEY_UILaunchStoryboardName = "Launch Screen";
				INFOPLIST_KEY_UISupportedInterfaceOrientations_iPad = "UIInterfaceOrientationPortrait UIInterfaceOrientationPortraitUpsideDown UIInterfaceOrientationLandscapeLeft UIInterfaceOrientationLandscapeRight";
				INFOPLIST_KEY_UISupportedInterfaceOrientations_iPhone = "UIInterfaceOrientationPortrait UIInterfaceOrientationLandscapeLeft UIInterfaceOrientationLandscapeRight";
				IPHONEOS_DEPLOYMENT_TARGET = 15.2;
				LD_RUNPATH_SEARCH_PATHS = (
					"$(inherited)",
					"@executable_path/Frameworks",
				);
				MARKETING_VERSION = 1.0;
				PRODUCT_BUNDLE_IDENTIFIER = tech.netrin.conqur;
				PRODUCT_NAME = "$(TARGET_NAME)";
				SWIFT_EMIT_LOC_STRINGS = YES;
				SWIFT_VERSION = 5.0;
				TARGETED_DEVICE_FAMILY = "1,2";
			};
			name = Release;
		};
/* End XCBuildConfiguration section */

/* Begin XCConfigurationList section */
		0CE7B2B627B7E7880021DF8D /* Build configuration list for PBXProject "KFECinemas" */ = {
			isa = XCConfigurationList;
			buildConfigurations = (
				0CE7B2C727B7E78C0021DF8D /* Debug */,
				0CE7B2C827B7E78C0021DF8D /* Release */,
			);
			defaultConfigurationIsVisible = 0;
			defaultConfigurationName = Release;
		};
		0CE7B2C927B7E78C0021DF8D /* Build configuration list for PBXNativeTarget "KFECinemas" */ = {
			isa = XCConfigurationList;
			buildConfigurations = (
				0CE7B2CA27B7E78C0021DF8D /* Debug */,
				0CE7B2CB27B7E78C0021DF8D /* Release */,
			);
			defaultConfigurationIsVisible = 0;
			defaultConfigurationName = Release;
		};
/* End XCConfigurationList section */

/* Begin XCRemoteSwiftPackageReference section */
		0498F5DD2813EF76007B2B24 /* XCRemoteSwiftPackageReference "swift-algorithms" */ = {
			isa = XCRemoteSwiftPackageReference;
			repositoryURL = "https://github.com/apple/swift-algorithms.git";
			requirement = {
				kind = upToNextMajorVersion;
				minimumVersion = 1.0.0;
			};
		};
		0C836F8227FCC64F0094EC0D /* XCRemoteSwiftPackageReference "swift-algorithms" */ = {
			isa = XCRemoteSwiftPackageReference;
			repositoryURL = "https://github.com/apple/swift-algorithms.git";
			requirement = {
				kind = upToNextMajorVersion;
				minimumVersion = 1.0.0;
			};
		};
		D345A43627E3BC2D00D1D5AD /* XCRemoteSwiftPackageReference "GoogleSignIn-iOS" */ = {
			isa = XCRemoteSwiftPackageReference;
			repositoryURL = "https://github.com/google/GoogleSignIn-iOS.git";
			requirement = {
				branch = main;
				kind = branch;
			};
		};
		D345A43927E3BC7600D1D5AD /* XCRemoteSwiftPackageReference "facebook-ios-sdk" */ = {
			isa = XCRemoteSwiftPackageReference;
			repositoryURL = "https://github.com/facebook/facebook-ios-sdk";
			requirement = {
				branch = main;
				kind = branch;
			};
		};
/* End XCRemoteSwiftPackageReference section */

/* Begin XCSwiftPackageProductDependency section */
		0498F5DE2813EF76007B2B24 /* Algorithms */ = {
			isa = XCSwiftPackageProductDependency;
			package = 0C836F8227FCC64F0094EC0D /* XCRemoteSwiftPackageReference "swift-algorithms" */;
			productName = Algorithms;
		};
		D345A43727E3BC2D00D1D5AD /* GoogleSignIn */ = {
			isa = XCSwiftPackageProductDependency;
			package = D345A43627E3BC2D00D1D5AD /* XCRemoteSwiftPackageReference "GoogleSignIn-iOS" */;
			productName = GoogleSignIn;
		};
		D345A43A27E3BC7600D1D5AD /* FacebookCore */ = {
			isa = XCSwiftPackageProductDependency;
			package = D345A43927E3BC7600D1D5AD /* XCRemoteSwiftPackageReference "facebook-ios-sdk" */;
			productName = FacebookCore;
		};
		D345A43C27E3BC7600D1D5AD /* FacebookLogin */ = {
			isa = XCSwiftPackageProductDependency;
			package = D345A43927E3BC7600D1D5AD /* XCRemoteSwiftPackageReference "facebook-ios-sdk" */;
			productName = FacebookLogin;
		};
/* End XCSwiftPackageProductDependency section */

/* Begin XCVersionGroup section */
		04FE7AEF28160008004B9EC4 /* CartDataStorage.xcdatamodeld */ = {
			isa = XCVersionGroup;
			children = (
				04FE7AF028160008004B9EC4 /* CartDataStorage.xcdatamodel */,
			);
			currentVersion = 04FE7AF028160008004B9EC4 /* CartDataStorage.xcdatamodel */;
			path = CartDataStorage.xcdatamodeld;
			sourceTree = "<group>";
			versionGroupType = wrapper.xcdatamodel;
		};
/* End XCVersionGroup section */
	};
	rootObject = 0CE7B2B327B7E7880021DF8D /* Project object */;
}
